
Microsoft Visual Studio Solution File, Format Version 12.00
# Visual Studio Version 16
VisualStudioVersion = 16.0.30114.105
MinimumVisualStudioVersion = 10.0.40219.1
Project("{2150E333-8FDC-42A3-9474-1A3956D46DE8}") = "src", "src", "{72033271-C044-4B61-934F-E5F6C5B5FF04}"
EndProject
Project("{FAE04EC0-301F-11D3-BF4B-00C04F79EFBC}") = "entity-framework-mvc", "src\EntityMvc\entity-framework-mvc.csproj", "{FFA393DE-FF46-430B-8624-E4F188FDAF37}"
EndProject
Project("{2150E333-8FDC-42A3-9474-1A3956D46DE8}") = "EntityClientes", "EntityClientes", "{662EEAD5-F7D3-4B65-8D87-0E83782C639B}"
EndProject
Project("{FAE04EC0-301F-11D3-BF4B-00C04F79EFBC}") = "Entity.Clientes.Data", "src\EntityClientes\Entity.Clientes.Data\Entity.Clientes.Data.csproj", "{FDFA3BA8-6CB4-4865-842E-C1298E08A409}"
EndProject
Project("{2150E333-8FDC-42A3-9474-1A3956D46DE8}") = "EntityProdutos", "EntityProdutos", "{39517D0F-C138-4F59-8F6F-9CA1D8CE1539}"
EndProject
Project("{FAE04EC0-301F-11D3-BF4B-00C04F79EFBC}") = "Entity.Produtos.Data", "src\EntityProdutos\Entity.Produtos.Data\Entity.Produtos.Data.csproj", "{B8DA4B73-2746-4FE6-9ACF-9CF2FCBC71B2}"
EndProject
Project("{2150E333-8FDC-42A3-9474-1A3956D46DE8}") = "EntityPedidos", "EntityPedidos", "{E6AC602E-065F-4FFB-87C9-8EB3A808F993}"
EndProject
Project("{FAE04EC0-301F-11D3-BF4B-00C04F79EFBC}") = "Entity.Pedidos.Data", "src\EntityPedidos\Entity.Pedidos.Data\Entity.Pedidos.Data.csproj", "{4AF3D01A-C7C9-4DC5-9354-10DBA944D8F6}"
EndProject
Global
	GlobalSection(SolutionConfigurationPlatforms) = preSolution
		Debug|Any CPU = Debug|Any CPU
		Debug|x64 = Debug|x64
		Debug|x86 = Debug|x86
		Release|Any CPU = Release|Any CPU
		Release|x64 = Release|x64
		Release|x86 = Release|x86
	EndGlobalSection
	GlobalSection(ProjectConfigurationPlatforms) = postSolution
		{FFA393DE-FF46-430B-8624-E4F188FDAF37}.Debug|Any CPU.ActiveCfg = Debug|Any CPU
		{FFA393DE-FF46-430B-8624-E4F188FDAF37}.Debug|Any CPU.Build.0 = Debug|Any CPU
		{FFA393DE-FF46-430B-8624-E4F188FDAF37}.Debug|x64.ActiveCfg = Debug|Any CPU
		{FFA393DE-FF46-430B-8624-E4F188FDAF37}.Debug|x64.Build.0 = Debug|Any CPU
		{FFA393DE-FF46-430B-8624-E4F188FDAF37}.Debug|x86.ActiveCfg = Debug|Any CPU
		{FFA393DE-FF46-430B-8624-E4F188FDAF37}.Debug|x86.Build.0 = Debug|Any CPU
		{FFA393DE-FF46-430B-8624-E4F188FDAF37}.Release|Any CPU.ActiveCfg = Release|Any CPU
		{FFA393DE-FF46-430B-8624-E4F188FDAF37}.Release|Any CPU.Build.0 = Release|Any CPU
		{FFA393DE-FF46-430B-8624-E4F188FDAF37}.Release|x64.ActiveCfg = Release|Any CPU
		{FFA393DE-FF46-430B-8624-E4F188FDAF37}.Release|x64.Build.0 = Release|Any CPU
		{FFA393DE-FF46-430B-8624-E4F188FDAF37}.Release|x86.ActiveCfg = Release|Any CPU
		{FFA393DE-FF46-430B-8624-E4F188FDAF37}.Release|x86.Build.0 = Release|Any CPU
		{FDFA3BA8-6CB4-4865-842E-C1298E08A409}.Debug|Any CPU.ActiveCfg = Debug|Any CPU
		{FDFA3BA8-6CB4-4865-842E-C1298E08A409}.Debug|Any CPU.Build.0 = Debug|Any CPU
		{FDFA3BA8-6CB4-4865-842E-C1298E08A409}.Debug|x64.ActiveCfg = Debug|Any CPU
		{FDFA3BA8-6CB4-4865-842E-C1298E08A409}.Debug|x64.Build.0 = Debug|Any CPU
		{FDFA3BA8-6CB4-4865-842E-C1298E08A409}.Debug|x86.ActiveCfg = Debug|Any CPU
		{FDFA3BA8-6CB4-4865-842E-C1298E08A409}.Debug|x86.Build.0 = Debug|Any CPU
		{FDFA3BA8-6CB4-4865-842E-C1298E08A409}.Release|Any CPU.ActiveCfg = Release|Any CPU
		{FDFA3BA8-6CB4-4865-842E-C1298E08A409}.Release|Any CPU.Build.0 = Release|Any CPU
		{FDFA3BA8-6CB4-4865-842E-C1298E08A409}.Release|x64.ActiveCfg = Release|Any CPU
		{FDFA3BA8-6CB4-4865-842E-C1298E08A409}.Release|x64.Build.0 = Release|Any CPU
		{FDFA3BA8-6CB4-4865-842E-C1298E08A409}.Release|x86.ActiveCfg = Release|Any CPU
		{FDFA3BA8-6CB4-4865-842E-C1298E08A409}.Release|x86.Build.0 = Release|Any CPU
		{B8DA4B73-2746-4FE6-9ACF-9CF2FCBC71B2}.Debug|Any CPU.ActiveCfg = Debug|Any CPU
		{B8DA4B73-2746-4FE6-9ACF-9CF2FCBC71B2}.Debug|Any CPU.Build.0 = Debug|Any CPU
		{B8DA4B73-2746-4FE6-9ACF-9CF2FCBC71B2}.Debug|x64.ActiveCfg = Debug|Any CPU
		{B8DA4B73-2746-4FE6-9ACF-9CF2FCBC71B2}.Debug|x64.Build.0 = Debug|Any CPU
		{B8DA4B73-2746-4FE6-9ACF-9CF2FCBC71B2}.Debug|x86.ActiveCfg = Debug|Any CPU
		{B8DA4B73-2746-4FE6-9ACF-9CF2FCBC71B2}.Debug|x86.Build.0 = Debug|Any CPU
		{B8DA4B73-2746-4FE6-9ACF-9CF2FCBC71B2}.Release|Any CPU.ActiveCfg = Release|Any CPU
		{B8DA4B73-2746-4FE6-9ACF-9CF2FCBC71B2}.Release|Any CPU.Build.0 = Release|Any CPU
		{B8DA4B73-2746-4FE6-9ACF-9CF2FCBC71B2}.Release|x64.ActiveCfg = Release|Any CPU
		{B8DA4B73-2746-4FE6-9ACF-9CF2FCBC71B2}.Release|x64.Build.0 = Release|Any CPU
		{B8DA4B73-2746-4FE6-9ACF-9CF2FCBC71B2}.Release|x86.ActiveCfg = Release|Any CPU
		{B8DA4B73-2746-4FE6-9ACF-9CF2FCBC71B2}.Release|x86.Build.0 = Release|Any CPU
		{4AF3D01A-C7C9-4DC5-9354-10DBA944D8F6}.Debug|Any CPU.ActiveCfg = Debug|Any CPU
		{4AF3D01A-C7C9-4DC5-9354-10DBA944D8F6}.Debug|Any CPU.Build.0 = Debug|Any CPU
		{4AF3D01A-C7C9-4DC5-9354-10DBA944D8F6}.Debug|x64.ActiveCfg = Debug|Any CPU
		{4AF3D01A-C7C9-4DC5-9354-10DBA944D8F6}.Debug|x64.Build.0 = Debug|Any CPU
		{4AF3D01A-C7C9-4DC5-9354-10DBA944D8F6}.Debug|x86.ActiveCfg = Debug|Any CPU
		{4AF3D01A-C7C9-4DC5-9354-10DBA944D8F6}.Debug|x86.Build.0 = Debug|Any CPU
		{4AF3D01A-C7C9-4DC5-9354-10DBA944D8F6}.Release|Any CPU.ActiveCfg = Release|Any CPU
		{4AF3D01A-C7C9-4DC5-9354-10DBA944D8F6}.Release|Any CPU.Build.0 = Release|Any CPU
		{4AF3D01A-C7C9-4DC5-9354-10DBA944D8F6}.Release|x64.ActiveCfg = Release|Any CPU
		{4AF3D01A-C7C9-4DC5-9354-10DBA944D8F6}.Release|x64.Build.0 = Release|Any CPU
		{4AF3D01A-C7C9-4DC5-9354-10DBA944D8F6}.Release|x86.ActiveCfg = Release|Any CPU
		{4AF3D01A-C7C9-4DC5-9354-10DBA944D8F6}.Release|x86.Build.0 = Release|Any CPU
	EndGlobalSection
	GlobalSection(SolutionProperties) = preSolution
		HideSolutionNode = FALSE
	EndGlobalSection
	GlobalSection(ExtensibilityGlobals) = postSolution
		SolutionGuid = {F8F20338-25D7-460B-993E-B13D1C2C4BB9}
	EndGlobalSection
	GlobalSection(NestedProjects) = preSolution
		{FFA393DE-FF46-430B-8624-E4F188FDAF37} = {72033271-C044-4B61-934F-E5F6C5B5FF04}
		{662EEAD5-F7D3-4B65-8D87-0E83782C639B} = {72033271-C044-4B61-934F-E5F6C5B5FF04}
		{FDFA3BA8-6CB4-4865-842E-C1298E08A409} = {662EEAD5-F7D3-4B65-8D87-0E83782C639B}
		{39517D0F-C138-4F59-8F6F-9CA1D8CE1539} = {72033271-C044-4B61-934F-E5F6C5B5FF04}
		{B8DA4B73-2746-4FE6-9ACF-9CF2FCBC71B2} = {39517D0F-C138-4F59-8F6F-9CA1D8CE1539}
		{E6AC602E-065F-4FFB-87C9-8EB3A808F993} = {72033271-C044-4B61-934F-E5F6C5B5FF04}
		{4AF3D01A-C7C9-4DC5-9354-10DBA944D8F6} = {E6AC602E-065F-4FFB-87C9-8EB3A808F993}
	EndGlobalSection
EndGlobal
